{
  "requires": true,
  "lockfileVersion": 1,
  "dependencies": {
    "quasar": {
      "version": "2.19.3",
      "resolved": "https://registry.npmjs.org/quasar/-/quasar-2.19.3.tgz",
      "integrity": "sha512-z9uEiZfpkkwUGedgVfARRoF7h30qWSZwUfUTLOo/jXCiGL5KYQt5N39XpKVOW0Y7lGF9kSAZuFHvYoPZoMUpfg=="
    }
  }
}
